
Microsoft Visual Studio Solution File, Format Version 12.00
# Visual Studio Version 17
VisualStudioVersion = 17.2.32630.192
MinimumVisualStudioVersion = 10.0.40219.1
Project("{FAE04EC0-301F-11D3-BF4B-00C04F79EFBC}") = "Shopping", "Shopping\Shopping.csproj", "{F16BAEEB-25D0-4063-9A18-30EF3010904D}"
EndProject
Project("{FAE04EC0-301F-11D3-BF4B-00C04F79EFBC}") = "entity", "entity\entity.csproj", "{DD3ABBB1-AC4E-45FC-B90B-89BFA6E9CD15}"
EndProject
Project("{FAE04EC0-301F-11D3-BF4B-00C04F79EFBC}") = "services", "services\services.csproj", "{359CB086-DF56-43F2-B447-5B131A2D790B}"
EndProject
Project("{FAE04EC0-301F-11D3-BF4B-00C04F79EFBC}") = "admin", "admin\admin.csproj", "{C0727DB8-BA7B-4FB5-939D-E6DA42152315}"
EndProject
Global
	GlobalSection(SolutionConfigurationPlatforms) = preSolution
		Debug|Any CPU = Debug|Any CPU
		Release|Any CPU = Release|Any CPU
	EndGlobalSection
	GlobalSection(ProjectConfigurationPlatforms) = postSolution
		{F16BAEEB-25D0-4063-9A18-30EF3010904D}.Debug|Any CPU.ActiveCfg = Debug|Any CPU
		{F16BAEEB-25D0-4063-9A18-30EF3010904D}.Debug|Any CPU.Build.0 = Debug|Any CPU
		{F16BAEEB-25D0-4063-9A18-30EF3010904D}.Release|Any CPU.ActiveCfg = Release|Any CPU
		{F16BAEEB-25D0-4063-9A18-30EF3010904D}.Release|Any CPU.Build.0 = Release|Any CPU
		{DD3ABBB1-AC4E-45FC-B90B-89BFA6E9CD15}.Debug|Any CPU.ActiveCfg = Debug|Any CPU
		{DD3ABBB1-AC4E-45FC-B90B-89BFA6E9CD15}.Debug|Any CPU.Build.0 = Debug|Any CPU
		{DD3ABBB1-AC4E-45FC-B90B-89BFA6E9CD15}.Release|Any CPU.ActiveCfg = Release|Any CPU
		{DD3ABBB1-AC4E-45FC-B90B-89BFA6E9CD15}.Release|Any CPU.Build.0 = Release|Any CPU
		{359CB086-DF56-43F2-B447-5B131A2D790B}.Debug|Any CPU.ActiveCfg = Debug|Any CPU
		{359CB086-DF56-43F2-B447-5B131A2D790B}.Debug|Any CPU.Build.0 = Debug|Any CPU
		{359CB086-DF56-43F2-B447-5B131A2D790B}.Release|Any CPU.ActiveCfg = Release|Any CPU
		{359CB086-DF56-43F2-B447-5B131A2D790B}.Release|Any CPU.Build.0 = Release|Any CPU
		{C0727DB8-BA7B-4FB5-939D-E6DA42152315}.Debug|Any CPU.ActiveCfg = Debug|Any CPU
		{C0727DB8-BA7B-4FB5-939D-E6DA42152315}.Debug|Any CPU.Build.0 = Debug|Any CPU
		{C0727DB8-BA7B-4FB5-939D-E6DA42152315}.Release|Any CPU.ActiveCfg = Release|Any CPU
		{C0727DB8-BA7B-4FB5-939D-E6DA42152315}.Release|Any CPU.Build.0 = Release|Any CPU
	EndGlobalSection
	GlobalSection(SolutionProperties) = preSolution
		HideSolutionNode = FALSE
	EndGlobalSection
	GlobalSection(ExtensibilityGlobals) = postSolution
		SolutionGuid = {970724D3-BE66-483F-AE63-E1CED989B44C}
	EndGlobalSection
EndGlobal
